// !$*UTF8*$!
{
	archiveVersion = 1;
	classes = {
	};
	objectVersion = 48;
	objects = {

/* Begin PBXBuildFile section */
		2EEAE5DC8270F1A498E30E64 /* Pods_AccountSaverUITests.framework in Frameworks */ = {isa = PBXBuildFile; fileRef = D923029D4D2347C5F0AA6EF4 /* Pods_AccountSaverUITests.framework */; };
		8478567C1FFE7FE2005BAA04 /* Account.storyboard in Resources */ = {isa = PBXBuildFile; fileRef = 8478567B1FFE7FE2005BAA04 /* Account.storyboard */; };
		8478567E1FFE8006005BAA04 /* Personal.storyboard in Resources */ = {isa = PBXBuildFile; fileRef = 8478567D1FFE8006005BAA04 /* Personal.storyboard */; };
		849B598D20308B03001B181A /* LoginViewController.swift in Sources */ = {isa = PBXBuildFile; fileRef = 849B598C20308B03001B181A /* LoginViewController.swift */; };
		84C501A62031E5B700D5B3D9 /* Profile.swift in Sources */ = {isa = PBXBuildFile; fileRef = 84C501A52031E5B700D5B3D9 /* Profile.swift */; };
		84C501A92031E86D00D5B3D9 /* ProfileManager.swift in Sources */ = {isa = PBXBuildFile; fileRef = 84C501A82031E86D00D5B3D9 /* ProfileManager.swift */; };
		84C58D0F20051C45007DF666 /* AccountDetailViewController.swift in Sources */ = {isa = PBXBuildFile; fileRef = 84C58D0E20051C45007DF666 /* AccountDetailViewController.swift */; };
		84D3875D1FFFCB79006C6169 /* Account.swift in Sources */ = {isa = PBXBuildFile; fileRef = 84D3875C1FFFCB79006C6169 /* Account.swift */; };
		84D387601FFFD3C9006C6169 /* RoundedViews.swift in Sources */ = {isa = PBXBuildFile; fileRef = 84D3875F1FFFD3C9006C6169 /* RoundedViews.swift */; };
		84D387621FFFD543006C6169 /* AccountViewController.swift in Sources */ = {isa = PBXBuildFile; fileRef = 84D387611FFFD543006C6169 /* AccountViewController.swift */; };
		84D387652000A998006C6169 /* BaseViewController.swift in Sources */ = {isa = PBXBuildFile; fileRef = 84D387642000A998006C6169 /* BaseViewController.swift */; };
		84D387682000AA64006C6169 /* AccountCell.swift in Sources */ = {isa = PBXBuildFile; fileRef = 84D387672000AA64006C6169 /* AccountCell.swift */; };
		84D3876C20010CD0006C6169 /* BackendlessAPI.swift in Sources */ = {isa = PBXBuildFile; fileRef = 84D3876B20010CD0006C6169 /* BackendlessAPI.swift */; };
		84D417C22020CB1C000E8EFA /* SecurityQuestionsViewController.swift in Sources */ = {isa = PBXBuildFile; fileRef = 84D417C12020CB1C000E8EFA /* SecurityQuestionsViewController.swift */; };
		84DA53601FFE783D00B2C66B /* AppDelegate.swift in Sources */ = {isa = PBXBuildFile; fileRef = 84DA535F1FFE783D00B2C66B /* AppDelegate.swift */; };
		84DA53651FFE783D00B2C66B /* Main.storyboard in Resources */ = {isa = PBXBuildFile; fileRef = 84DA53631FFE783D00B2C66B /* Main.storyboard */; };
		84DA53671FFE783D00B2C66B /* Assets.xcassets in Resources */ = {isa = PBXBuildFile; fileRef = 84DA53661FFE783D00B2C66B /* Assets.xcassets */; };
		84DA536A1FFE783D00B2C66B /* LaunchScreen.storyboard in Resources */ = {isa = PBXBuildFile; fileRef = 84DA53681FFE783D00B2C66B /* LaunchScreen.storyboard */; };
		84DA53751FFE783D00B2C66B /* AccountSaverTests.swift in Sources */ = {isa = PBXBuildFile; fileRef = 84DA53741FFE783D00B2C66B /* AccountSaverTests.swift */; };
		84DA53801FFE783D00B2C66B /* AccountSaverUITests.swift in Sources */ = {isa = PBXBuildFile; fileRef = 84DA537F1FFE783D00B2C66B /* AccountSaverUITests.swift */; };
		84DCC6652010E8DF00A1AC23 /* IconViewController.swift in Sources */ = {isa = PBXBuildFile; fileRef = 84DCC6642010E8DF00A1AC23 /* IconViewController.swift */; };
		84DCC6672010E92700A1AC23 /* IconCell.swift in Sources */ = {isa = PBXBuildFile; fileRef = 84DCC6662010E92700A1AC23 /* IconCell.swift */; };
		84E9E6BD202CAC1C00714367 /* Login.storyboard in Resources */ = {isa = PBXBuildFile; fileRef = 84E9E6BC202CAC1C00714367 /* Login.storyboard */; };
		84EA9FB7203856A000543F74 /* PersonalViewController.swift in Sources */ = {isa = PBXBuildFile; fileRef = 84EA9FB6203856A000543F74 /* PersonalViewController.swift */; };
		84EBFA60202EBE9A00E2F1C5 /* ASSTabBarController.swift in Sources */ = {isa = PBXBuildFile; fileRef = 84EBFA5F202EBE9A00E2F1C5 /* ASSTabBarController.swift */; };
		96231210C2EFDAA6454D7A41 /* Pods_AccountSaver.framework in Frameworks */ = {isa = PBXBuildFile; fileRef = 3D1B3CE7726B127BCA4C44EB /* Pods_AccountSaver.framework */; };
		A3F4B7205FB86F1D029E95CA /* Pods_AccountSaverTests.framework in Frameworks */ = {isa = PBXBuildFile; fileRef = 15EC443CA171E7A3C20C5B8A /* Pods_AccountSaverTests.framework */; };
/* End PBXBuildFile section */

/* Begin PBXContainerItemProxy section */
		84DA53711FFE783D00B2C66B /* PBXContainerItemProxy */ = {
			isa = PBXContainerItemProxy;
			containerPortal = 84DA53541FFE783D00B2C66B /* Project object */;
			proxyType = 1;
			remoteGlobalIDString = 84DA535B1FFE783D00B2C66B;
			remoteInfo = AccountSaver;
		};
		84DA537C1FFE783D00B2C66B /* PBXContainerItemProxy */ = {
			isa = PBXContainerItemProxy;
			containerPortal = 84DA53541FFE783D00B2C66B /* Project object */;
			proxyType = 1;
			remoteGlobalIDString = 84DA535B1FFE783D00B2C66B;
			remoteInfo = AccountSaver;
		};
/* End PBXContainerItemProxy section */

/* Begin PBXFileReference section */
		15EC443CA171E7A3C20C5B8A /* Pods_AccountSaverTests.framework */ = {isa = PBXFileReference; explicitFileType = wrapper.framework; includeInIndex = 0; path = Pods_AccountSaverTests.framework; sourceTree = BUILT_PRODUCTS_DIR; };
		3B2836F8D03B2036256AC39D /* Pods-AccountSaver.debug.xcconfig */ = {isa = PBXFileReference; includeInIndex = 1; lastKnownFileType = text.xcconfig; name = "Pods-AccountSaver.debug.xcconfig"; path = "Pods/Target Support Files/Pods-AccountSaver/Pods-AccountSaver.debug.xcconfig"; sourceTree = "<group>"; };
		3D1B3CE7726B127BCA4C44EB /* Pods_AccountSaver.framework */ = {isa = PBXFileReference; explicitFileType = wrapper.framework; includeInIndex = 0; path = Pods_AccountSaver.framework; sourceTree = BUILT_PRODUCTS_DIR; };
		7656B0A2A60DDCF1BB4DECBC /* Pods-AccountSaverUITests.debug.xcconfig */ = {isa = PBXFileReference; includeInIndex = 1; lastKnownFileType = text.xcconfig; name = "Pods-AccountSaverUITests.debug.xcconfig"; path = "Pods/Target Support Files/Pods-AccountSaverUITests/Pods-AccountSaverUITests.debug.xcconfig"; sourceTree = "<group>"; };
		816B6D2CAF4F9535D79EB87F /* Pods-AccountSaverTests.debug.xcconfig */ = {isa = PBXFileReference; includeInIndex = 1; lastKnownFileType = text.xcconfig; name = "Pods-AccountSaverTests.debug.xcconfig"; path = "Pods/Target Support Files/Pods-AccountSaverTests/Pods-AccountSaverTests.debug.xcconfig"; sourceTree = "<group>"; };
		8478567B1FFE7FE2005BAA04 /* Account.storyboard */ = {isa = PBXFileReference; fileEncoding = 4; lastKnownFileType = file.storyboard; path = Account.storyboard; sourceTree = "<group>"; };
		8478567D1FFE8006005BAA04 /* Personal.storyboard */ = {isa = PBXFileReference; fileEncoding = 4; lastKnownFileType = file.storyboard; path = Personal.storyboard; sourceTree = "<group>"; };
		849B598C20308B03001B181A /* LoginViewController.swift */ = {isa = PBXFileReference; lastKnownFileType = sourcecode.swift; path = LoginViewController.swift; sourceTree = "<group>"; };
		84C501A52031E5B700D5B3D9 /* Profile.swift */ = {isa = PBXFileReference; lastKnownFileType = sourcecode.swift; path = Profile.swift; sourceTree = "<group>"; };
		84C501A82031E86D00D5B3D9 /* ProfileManager.swift */ = {isa = PBXFileReference; lastKnownFileType = sourcecode.swift; path = ProfileManager.swift; sourceTree = "<group>"; };
		84C58D0E20051C45007DF666 /* AccountDetailViewController.swift */ = {isa = PBXFileReference; lastKnownFileType = sourcecode.swift; path = AccountDetailViewController.swift; sourceTree = "<group>"; };
		84D3875C1FFFCB79006C6169 /* Account.swift */ = {isa = PBXFileReference; lastKnownFileType = sourcecode.swift; path = Account.swift; sourceTree = "<group>"; };
		84D3875F1FFFD3C9006C6169 /* RoundedViews.swift */ = {isa = PBXFileReference; lastKnownFileType = sourcecode.swift; path = RoundedViews.swift; sourceTree = "<group>"; };
		84D387611FFFD543006C6169 /* AccountViewController.swift */ = {isa = PBXFileReference; lastKnownFileType = sourcecode.swift; path = AccountViewController.swift; sourceTree = "<group>"; };
		84D387642000A998006C6169 /* BaseViewController.swift */ = {isa = PBXFileReference; lastKnownFileType = sourcecode.swift; path = BaseViewController.swift; sourceTree = "<group>"; };
		84D387672000AA64006C6169 /* AccountCell.swift */ = {isa = PBXFileReference; lastKnownFileType = sourcecode.swift; path = AccountCell.swift; sourceTree = "<group>"; };
		84D3876B20010CD0006C6169 /* BackendlessAPI.swift */ = {isa = PBXFileReference; lastKnownFileType = sourcecode.swift; path = BackendlessAPI.swift; sourceTree = "<group>"; };
		84D417C12020CB1C000E8EFA /* SecurityQuestionsViewController.swift */ = {isa = PBXFileReference; lastKnownFileType = sourcecode.swift; path = SecurityQuestionsViewController.swift; sourceTree = "<group>"; };
		84DA535C1FFE783D00B2C66B /* AccountSaver.app */ = {isa = PBXFileReference; explicitFileType = wrapper.application; includeInIndex = 0; path = AccountSaver.app; sourceTree = BUILT_PRODUCTS_DIR; };
		84DA535F1FFE783D00B2C66B /* AppDelegate.swift */ = {isa = PBXFileReference; lastKnownFileType = sourcecode.swift; path = AppDelegate.swift; sourceTree = "<group>"; };
		84DA53641FFE783D00B2C66B /* Base */ = {isa = PBXFileReference; lastKnownFileType = file.storyboard; name = Base; path = Base.lproj/Main.storyboard; sourceTree = "<group>"; };
		84DA53661FFE783D00B2C66B /* Assets.xcassets */ = {isa = PBXFileReference; lastKnownFileType = folder.assetcatalog; path = Assets.xcassets; sourceTree = "<group>"; };
		84DA53691FFE783D00B2C66B /* Base */ = {isa = PBXFileReference; lastKnownFileType = file.storyboard; name = Base; path = Base.lproj/LaunchScreen.storyboard; sourceTree = "<group>"; };
		84DA536B1FFE783D00B2C66B /* Info.plist */ = {isa = PBXFileReference; lastKnownFileType = text.plist.xml; path = Info.plist; sourceTree = "<group>"; };
		84DA53701FFE783D00B2C66B /* AccountSaverTests.xctest */ = {isa = PBXFileReference; explicitFileType = wrapper.cfbundle; includeInIndex = 0; path = AccountSaverTests.xctest; sourceTree = BUILT_PRODUCTS_DIR; };
		84DA53741FFE783D00B2C66B /* AccountSaverTests.swift */ = {isa = PBXFileReference; lastKnownFileType = sourcecode.swift; path = AccountSaverTests.swift; sourceTree = "<group>"; };
		84DA53761FFE783D00B2C66B /* Info.plist */ = {isa = PBXFileReference; lastKnownFileType = text.plist.xml; path = Info.plist; sourceTree = "<group>"; };
		84DA537B1FFE783D00B2C66B /* AccountSaverUITests.xctest */ = {isa = PBXFileReference; explicitFileType = wrapper.cfbundle; includeInIndex = 0; path = AccountSaverUITests.xctest; sourceTree = BUILT_PRODUCTS_DIR; };
		84DA537F1FFE783D00B2C66B /* AccountSaverUITests.swift */ = {isa = PBXFileReference; lastKnownFileType = sourcecode.swift; path = AccountSaverUITests.swift; sourceTree = "<group>"; };
		84DA53811FFE783D00B2C66B /* Info.plist */ = {isa = PBXFileReference; lastKnownFileType = text.plist.xml; path = Info.plist; sourceTree = "<group>"; };
		84DCC6642010E8DF00A1AC23 /* IconViewController.swift */ = {isa = PBXFileReference; lastKnownFileType = sourcecode.swift; path = IconViewController.swift; sourceTree = "<group>"; };
		84DCC6662010E92700A1AC23 /* IconCell.swift */ = {isa = PBXFileReference; lastKnownFileType = sourcecode.swift; path = IconCell.swift; sourceTree = "<group>"; };
		84E9E6BC202CAC1C00714367 /* Login.storyboard */ = {isa = PBXFileReference; lastKnownFileType = file.storyboard; path = Login.storyboard; sourceTree = "<group>"; };
		84EA9FB6203856A000543F74 /* PersonalViewController.swift */ = {isa = PBXFileReference; lastKnownFileType = sourcecode.swift; path = PersonalViewController.swift; sourceTree = "<group>"; };
		84EBFA5F202EBE9A00E2F1C5 /* ASSTabBarController.swift */ = {isa = PBXFileReference; lastKnownFileType = sourcecode.swift; path = ASSTabBarController.swift; sourceTree = "<group>"; };
		8FB327381212EE36A39DB7CE /* Pods-AccountSaver.release.xcconfig */ = {isa = PBXFileReference; includeInIndex = 1; lastKnownFileType = text.xcconfig; name = "Pods-AccountSaver.release.xcconfig"; path = "Pods/Target Support Files/Pods-AccountSaver/Pods-AccountSaver.release.xcconfig"; sourceTree = "<group>"; };
		9491C2FDB96FBA237AFAABD7 /* Pods-AccountSaverTests.release.xcconfig */ = {isa = PBXFileReference; includeInIndex = 1; lastKnownFileType = text.xcconfig; name = "Pods-AccountSaverTests.release.xcconfig"; path = "Pods/Target Support Files/Pods-AccountSaverTests/Pods-AccountSaverTests.release.xcconfig"; sourceTree = "<group>"; };
		C51ED3104CFE02F5590195F9 /* Pods-AccountSaverUITests.release.xcconfig */ = {isa = PBXFileReference; includeInIndex = 1; lastKnownFileType = text.xcconfig; name = "Pods-AccountSaverUITests.release.xcconfig"; path = "Pods/Target Support Files/Pods-AccountSaverUITests/Pods-AccountSaverUITests.release.xcconfig"; sourceTree = "<group>"; };
		D923029D4D2347C5F0AA6EF4 /* Pods_AccountSaverUITests.framework */ = {isa = PBXFileReference; explicitFileType = wrapper.framework; includeInIndex = 0; path = Pods_AccountSaverUITests.framework; sourceTree = BUILT_PRODUCTS_DIR; };
/* End PBXFileReference section */

/* Begin PBXFrameworksBuildPhase section */
		84DA53591FFE783D00B2C66B /* Frameworks */ = {
			isa = PBXFrameworksBuildPhase;
			buildActionMask = 2147483647;
			files = (
				96231210C2EFDAA6454D7A41 /* Pods_AccountSaver.framework in Frameworks */,
			);
			runOnlyForDeploymentPostprocessing = 0;
		};
		84DA536D1FFE783D00B2C66B /* Frameworks */ = {
			isa = PBXFrameworksBuildPhase;
			buildActionMask = 2147483647;
			files = (
				A3F4B7205FB86F1D029E95CA /* Pods_AccountSaverTests.framework in Frameworks */,
			);
			runOnlyForDeploymentPostprocessing = 0;
		};
		84DA53781FFE783D00B2C66B /* Frameworks */ = {
			isa = PBXFrameworksBuildPhase;
			buildActionMask = 2147483647;
			files = (
				2EEAE5DC8270F1A498E30E64 /* Pods_AccountSaverUITests.framework in Frameworks */,
			);
			runOnlyForDeploymentPostprocessing = 0;
		};
/* End PBXFrameworksBuildPhase section */

/* Begin PBXGroup section */
		45CF52B41B4C3F68884D0446 /* Frameworks */ = {
			isa = PBXGroup;
			children = (
				3D1B3CE7726B127BCA4C44EB /* Pods_AccountSaver.framework */,
				15EC443CA171E7A3C20C5B8A /* Pods_AccountSaverTests.framework */,
				D923029D4D2347C5F0AA6EF4 /* Pods_AccountSaverUITests.framework */,
			);
			name = Frameworks;
			sourceTree = "<group>";
		};
		847856781FFE7CAF005BAA04 /* ViewController */ = {
			isa = PBXGroup;
			children = (
				84D387632000A94B006C6169 /* Common */,
				84E9E6BB202CABEB00714367 /* Login */,
				847856791FFE7ECA005BAA04 /* Account */,
				8478567A1FFE7ED2005BAA04 /* Personal */,
				84DA535F1FFE783D00B2C66B /* AppDelegate.swift */,
				84DA53631FFE783D00B2C66B /* Main.storyboard */,
				84EBFA5F202EBE9A00E2F1C5 /* ASSTabBarController.swift */,
			);
			path = ViewController;
			sourceTree = "<group>";
		};
		847856791FFE7ECA005BAA04 /* Account */ = {
			isa = PBXGroup;
			children = (
				8478567B1FFE7FE2005BAA04 /* Account.storyboard */,
				84D387611FFFD543006C6169 /* AccountViewController.swift */,
				84C58D0E20051C45007DF666 /* AccountDetailViewController.swift */,
				84DCC6642010E8DF00A1AC23 /* IconViewController.swift */,
				84D417C12020CB1C000E8EFA /* SecurityQuestionsViewController.swift */,
				84D387662000AA32006C6169 /* Cells */,
			);
			path = Account;
			sourceTree = "<group>";
		};
		8478567A1FFE7ED2005BAA04 /* Personal */ = {
			isa = PBXGroup;
			children = (
				8478567D1FFE8006005BAA04 /* Personal.storyboard */,
				84EA9FB6203856A000543F74 /* PersonalViewController.swift */,
			);
			path = Personal;
			sourceTree = "<group>";
		};
		84C501A72031E84D00D5B3D9 /* Manager */ = {
			isa = PBXGroup;
			children = (
				84C501A82031E86D00D5B3D9 /* ProfileManager.swift */,
			);
			path = Manager;
			sourceTree = "<group>";
		};
		84D3875B1FFFCB5D006C6169 /* Model */ = {
			isa = PBXGroup;
			children = (
				84D3875C1FFFCB79006C6169 /* Account.swift */,
				84C501A52031E5B700D5B3D9 /* Profile.swift */,
			);
			path = Model;
			sourceTree = "<group>";
		};
		84D3875E1FFFD346006C6169 /* CustomViews */ = {
			isa = PBXGroup;
			children = (
				84D3875F1FFFD3C9006C6169 /* RoundedViews.swift */,
			);
			path = CustomViews;
			sourceTree = "<group>";
		};
		84D387632000A94B006C6169 /* Common */ = {
			isa = PBXGroup;
			children = (
				84D387642000A998006C6169 /* BaseViewController.swift */,
			);
			path = Common;
			sourceTree = "<group>";
		};
		84D387662000AA32006C6169 /* Cells */ = {
			isa = PBXGroup;
			children = (
				84D387672000AA64006C6169 /* AccountCell.swift */,
				84DCC6662010E92700A1AC23 /* IconCell.swift */,
			);
			path = Cells;
			sourceTree = "<group>";
		};
		84D3876A20010C95006C6169 /* API */ = {
			isa = PBXGroup;
			children = (
				84D3876B20010CD0006C6169 /* BackendlessAPI.swift */,
			);
			path = API;
			sourceTree = "<group>";
		};
		84DA53531FFE783D00B2C66B = {
			isa = PBXGroup;
			children = (
				84DA535E1FFE783D00B2C66B /* AccountSaver */,
				84DA53731FFE783D00B2C66B /* AccountSaverTests */,
				84DA537E1FFE783D00B2C66B /* AccountSaverUITests */,
				84D3875E1FFFD346006C6169 /* CustomViews */,
				84DA535D1FFE783D00B2C66B /* Products */,
				AF2B67F58E0B10C87C1B21E6 /* Pods */,
				45CF52B41B4C3F68884D0446 /* Frameworks */,
			);
			sourceTree = "<group>";
		};
		84DA535D1FFE783D00B2C66B /* Products */ = {
			isa = PBXGroup;
			children = (
				84DA535C1FFE783D00B2C66B /* AccountSaver.app */,
				84DA53701FFE783D00B2C66B /* AccountSaverTests.xctest */,
				84DA537B1FFE783D00B2C66B /* AccountSaverUITests.xctest */,
			);
			name = Products;
			sourceTree = "<group>";
		};
		84DA535E1FFE783D00B2C66B /* AccountSaver */ = {
			isa = PBXGroup;
			children = (
				847856781FFE7CAF005BAA04 /* ViewController */,
				84C501A72031E84D00D5B3D9 /* Manager */,
				84D3875B1FFFCB5D006C6169 /* Model */,
				84D3876A20010C95006C6169 /* API */,
				84DA53661FFE783D00B2C66B /* Assets.xcassets */,
				84DA53681FFE783D00B2C66B /* LaunchScreen.storyboard */,
				84DA536B1FFE783D00B2C66B /* Info.plist */,
			);
			path = AccountSaver;
			sourceTree = "<group>";
		};
		84DA53731FFE783D00B2C66B /* AccountSaverTests */ = {
			isa = PBXGroup;
			children = (
				84DA53741FFE783D00B2C66B /* AccountSaverTests.swift */,
				84DA53761FFE783D00B2C66B /* Info.plist */,
			);
			path = AccountSaverTests;
			sourceTree = "<group>";
		};
		84DA537E1FFE783D00B2C66B /* AccountSaverUITests */ = {
			isa = PBXGroup;
			children = (
				84DA537F1FFE783D00B2C66B /* AccountSaverUITests.swift */,
				84DA53811FFE783D00B2C66B /* Info.plist */,
			);
			path = AccountSaverUITests;
			sourceTree = "<group>";
		};
		84E9E6BB202CABEB00714367 /* Login */ = {
			isa = PBXGroup;
			children = (
				84E9E6BC202CAC1C00714367 /* Login.storyboard */,
				849B598C20308B03001B181A /* LoginViewController.swift */,
			);
			path = Login;
			sourceTree = "<group>";
		};
		AF2B67F58E0B10C87C1B21E6 /* Pods */ = {
			isa = PBXGroup;
			children = (
				3B2836F8D03B2036256AC39D /* Pods-AccountSaver.debug.xcconfig */,
				8FB327381212EE36A39DB7CE /* Pods-AccountSaver.release.xcconfig */,
				816B6D2CAF4F9535D79EB87F /* Pods-AccountSaverTests.debug.xcconfig */,
				9491C2FDB96FBA237AFAABD7 /* Pods-AccountSaverTests.release.xcconfig */,
				7656B0A2A60DDCF1BB4DECBC /* Pods-AccountSaverUITests.debug.xcconfig */,
				C51ED3104CFE02F5590195F9 /* Pods-AccountSaverUITests.release.xcconfig */,
			);
			name = Pods;
			sourceTree = "<group>";
		};
/* End PBXGroup section */

/* Begin PBXNativeTarget section */
		84DA535B1FFE783D00B2C66B /* AccountSaver */ = {
			isa = PBXNativeTarget;
			buildConfigurationList = 84DA53841FFE783D00B2C66B /* Build configuration list for PBXNativeTarget "AccountSaver" */;
			buildPhases = (
				13D4E85F7DD1466E675E1B52 /* [CP] Check Pods Manifest.lock */,
				84DA53581FFE783D00B2C66B /* Sources */,
				84DA53591FFE783D00B2C66B /* Frameworks */,
				84DA535A1FFE783D00B2C66B /* Resources */,
				333A43248A477C245288D7FE /* [CP] Embed Pods Frameworks */,
				943451E7294FB97AF59A9BE2 /* [CP] Copy Pods Resources */,
			);
			buildRules = (
			);
			dependencies = (
			);
			name = AccountSaver;
			productName = AccountSaver;
			productReference = 84DA535C1FFE783D00B2C66B /* AccountSaver.app */;
			productType = "com.apple.product-type.application";
		};
		84DA536F1FFE783D00B2C66B /* AccountSaverTests */ = {
			isa = PBXNativeTarget;
			buildConfigurationList = 84DA53871FFE783D00B2C66B /* Build configuration list for PBXNativeTarget "AccountSaverTests" */;
			buildPhases = (
				1EBA2F3BD3F5D75DBC24A154 /* [CP] Check Pods Manifest.lock */,
				84DA536C1FFE783D00B2C66B /* Sources */,
				84DA536D1FFE783D00B2C66B /* Frameworks */,
				84DA536E1FFE783D00B2C66B /* Resources */,
				FDE83DA53981567A01E21EB5 /* [CP] Embed Pods Frameworks */,
				9D9F338635FC9C564D6A90BB /* [CP] Copy Pods Resources */,
			);
			buildRules = (
			);
			dependencies = (
				84DA53721FFE783D00B2C66B /* PBXTargetDependency */,
			);
			name = AccountSaverTests;
			productName = AccountSaverTests;
			productReference = 84DA53701FFE783D00B2C66B /* AccountSaverTests.xctest */;
			productType = "com.apple.product-type.bundle.unit-test";
		};
		84DA537A1FFE783D00B2C66B /* AccountSaverUITests */ = {
			isa = PBXNativeTarget;
			buildConfigurationList = 84DA538A1FFE783D00B2C66B /* Build configuration list for PBXNativeTarget "AccountSaverUITests" */;
			buildPhases = (
				BD468BD75AC11B20F6B4B8E7 /* [CP] Check Pods Manifest.lock */,
				84DA53771FFE783D00B2C66B /* Sources */,
				84DA53781FFE783D00B2C66B /* Frameworks */,
				84DA53791FFE783D00B2C66B /* Resources */,
				9A7D5C4AC2C82DDF323B473A /* [CP] Embed Pods Frameworks */,
				E31A64E29E605B304F9589DA /* [CP] Copy Pods Resources */,
			);
			buildRules = (
			);
			dependencies = (
				84DA537D1FFE783D00B2C66B /* PBXTargetDependency */,
			);
			name = AccountSaverUITests;
			productName = AccountSaverUITests;
			productReference = 84DA537B1FFE783D00B2C66B /* AccountSaverUITests.xctest */;
			productType = "com.apple.product-type.bundle.ui-testing";
		};
/* End PBXNativeTarget section */

/* Begin PBXProject section */
		84DA53541FFE783D00B2C66B /* Project object */ = {
			isa = PBXProject;
			attributes = {
				LastSwiftUpdateCheck = 0910;
				LastUpgradeCheck = 0910;
				ORGANIZATIONNAME = P4;
				TargetAttributes = {
					84DA535B1FFE783D00B2C66B = {
						CreatedOnToolsVersion = 9.1;
						ProvisioningStyle = Automatic;
					};
					84DA536F1FFE783D00B2C66B = {
						CreatedOnToolsVersion = 9.1;
						ProvisioningStyle = Automatic;
						TestTargetID = 84DA535B1FFE783D00B2C66B;
					};
					84DA537A1FFE783D00B2C66B = {
						CreatedOnToolsVersion = 9.1;
						ProvisioningStyle = Automatic;
						TestTargetID = 84DA535B1FFE783D00B2C66B;
					};
				};
			};
			buildConfigurationList = 84DA53571FFE783D00B2C66B /* Build configuration list for PBXProject "AccountSaver" */;
			compatibilityVersion = "Xcode 8.0";
			developmentRegion = en;
			hasScannedForEncodings = 0;
			knownRegions = (
				en,
				Base,
			);
			mainGroup = 84DA53531FFE783D00B2C66B;
			productRefGroup = 84DA535D1FFE783D00B2C66B /* Products */;
			projectDirPath = "";
			projectRoot = "";
			targets = (
				84DA535B1FFE783D00B2C66B /* AccountSaver */,
				84DA536F1FFE783D00B2C66B /* AccountSaverTests */,
				84DA537A1FFE783D00B2C66B /* AccountSaverUITests */,
			);
		};
/* End PBXProject section */

/* Begin PBXResourcesBuildPhase section */
		84DA535A1FFE783D00B2C66B /* Resources */ = {
			isa = PBXResourcesBuildPhase;
			buildActionMask = 2147483647;
			files = (
				84DA536A1FFE783D00B2C66B /* LaunchScreen.storyboard in Resources */,
				8478567E1FFE8006005BAA04 /* Personal.storyboard in Resources */,
				84E9E6BD202CAC1C00714367 /* Login.storyboard in Resources */,
				84DA53671FFE783D00B2C66B /* Assets.xcassets in Resources */,
				8478567C1FFE7FE2005BAA04 /* Account.storyboard in Resources */,
				84DA53651FFE783D00B2C66B /* Main.storyboard in Resources */,
			);
			runOnlyForDeploymentPostprocessing = 0;
		};
		84DA536E1FFE783D00B2C66B /* Resources */ = {
			isa = PBXResourcesBuildPhase;
			buildActionMask = 2147483647;
			files = (
			);
			runOnlyForDeploymentPostprocessing = 0;
		};
		84DA53791FFE783D00B2C66B /* Resources */ = {
			isa = PBXResourcesBuildPhase;
			buildActionMask = 2147483647;
			files = (
			);
			runOnlyForDeploymentPostprocessing = 0;
		};
/* End PBXResourcesBuildPhase section */

/* Begin PBXShellScriptBuildPhase section */
		13D4E85F7DD1466E675E1B52 /* [CP] Check Pods Manifest.lock */ = {
			isa = PBXShellScriptBuildPhase;
			buildActionMask = 2147483647;
			files = (
			);
			inputPaths = (
				"${PODS_PODFILE_DIR_PATH}/Podfile.lock",
				"${PODS_ROOT}/Manifest.lock",
			);
			name = "[CP] Check Pods Manifest.lock";
			outputPaths = (
				"$(DERIVED_FILE_DIR)/Pods-AccountSaver-checkManifestLockResult.txt",
			);
			runOnlyForDeploymentPostprocessing = 0;
			shellPath = /bin/sh;
			shellScript = "diff \"${PODS_PODFILE_DIR_PATH}/Podfile.lock\" \"${PODS_ROOT}/Manifest.lock\" > /dev/null\nif [ $? != 0 ] ; then\n    # print error to STDERR\n    echo \"error: The sandbox is not in sync with the Podfile.lock. Run 'pod install' or update your CocoaPods installation.\" >&2\n    exit 1\nfi\n# This output is used by Xcode 'outputs' to avoid re-running this script phase.\necho \"SUCCESS\" > \"${SCRIPT_OUTPUT_FILE_0}\"\n";
			showEnvVarsInLog = 0;
		};
		1EBA2F3BD3F5D75DBC24A154 /* [CP] Check Pods Manifest.lock */ = {
			isa = PBXShellScriptBuildPhase;
			buildActionMask = 2147483647;
			files = (
			);
			inputPaths = (
				"${PODS_PODFILE_DIR_PATH}/Podfile.lock",
				"${PODS_ROOT}/Manifest.lock",
			);
			name = "[CP] Check Pods Manifest.lock";
			outputPaths = (
				"$(DERIVED_FILE_DIR)/Pods-AccountSaverTests-checkManifestLockResult.txt",
			);
			runOnlyForDeploymentPostprocessing = 0;
			shellPath = /bin/sh;
			shellScript = "diff \"${PODS_PODFILE_DIR_PATH}/Podfile.lock\" \"${PODS_ROOT}/Manifest.lock\" > /dev/null\nif [ $? != 0 ] ; then\n    # print error to STDERR\n    echo \"error: The sandbox is not in sync with the Podfile.lock. Run 'pod install' or update your CocoaPods installation.\" >&2\n    exit 1\nfi\n# This output is used by Xcode 'outputs' to avoid re-running this script phase.\necho \"SUCCESS\" > \"${SCRIPT_OUTPUT_FILE_0}\"\n";
			showEnvVarsInLog = 0;
		};
		333A43248A477C245288D7FE /* [CP] Embed Pods Frameworks */ = {
			isa = PBXShellScriptBuildPhase;
			buildActionMask = 2147483647;
			files = (
			);
			inputPaths = (
				"${SRCROOT}/Pods/Target Support Files/Pods-AccountSaver/Pods-AccountSaver-frameworks.sh",
				"${BUILT_PRODUCTS_DIR}/Alamofire/Alamofire.framework",
				"${BUILT_PRODUCTS_DIR}/IQKeyboardManagerSwift/IQKeyboardManagerSwift.framework",
				"${BUILT_PRODUCTS_DIR}/MBProgressHUD/MBProgressHUD.framework",
				"${BUILT_PRODUCTS_DIR}/SDWebImage/SDWebImage.framework",
			);
			name = "[CP] Embed Pods Frameworks";
			outputPaths = (
				"${TARGET_BUILD_DIR}/${FRAMEWORKS_FOLDER_PATH}/Alamofire.framework",
				"${TARGET_BUILD_DIR}/${FRAMEWORKS_FOLDER_PATH}/IQKeyboardManagerSwift.framework",
				"${TARGET_BUILD_DIR}/${FRAMEWORKS_FOLDER_PATH}/MBProgressHUD.framework",
				"${TARGET_BUILD_DIR}/${FRAMEWORKS_FOLDER_PATH}/SDWebImage.framework",
			);
			runOnlyForDeploymentPostprocessing = 0;
			shellPath = /bin/sh;
			shellScript = "\"${SRCROOT}/Pods/Target Support Files/Pods-AccountSaver/Pods-AccountSaver-frameworks.sh\"\n";
			showEnvVarsInLog = 0;
		};
		943451E7294FB97AF59A9BE2 /* [CP] Copy Pods Resources */ = {
			isa = PBXShellScriptBuildPhase;
			buildActionMask = 2147483647;
			files = (
			);
			inputPaths = (
			);
			name = "[CP] Copy Pods Resources";
			outputPaths = (
			);
			runOnlyForDeploymentPostprocessing = 0;
			shellPath = /bin/sh;
			shellScript = "\"${SRCROOT}/Pods/Target Support Files/Pods-AccountSaver/Pods-AccountSaver-resources.sh\"\n";
			showEnvVarsInLog = 0;
		};
		9A7D5C4AC2C82DDF323B473A /* [CP] Embed Pods Frameworks */ = {
			isa = PBXShellScriptBuildPhase;
			buildActionMask = 2147483647;
			files = (
			);
			inputPaths = (
			);
			name = "[CP] Embed Pods Frameworks";
			outputPaths = (
			);
			runOnlyForDeploymentPostprocessing = 0;
			shellPath = /bin/sh;
			shellScript = "\"${SRCROOT}/Pods/Target Support Files/Pods-AccountSaverUITests/Pods-AccountSaverUITests-frameworks.sh\"\n";
			showEnvVarsInLog = 0;
		};
		9D9F338635FC9C564D6A90BB /* [CP] Copy Pods Resources */ = {
			isa = PBXShellScriptBuildPhase;
			buildActionMask = 2147483647;
			files = (
			);
			inputPaths = (
			);
			name = "[CP] Copy Pods Resources";
			outputPaths = (
			);
			runOnlyForDeploymentPostprocessing = 0;
			shellPath = /bin/sh;
			shellScript = "\"${SRCROOT}/Pods/Target Support Files/Pods-AccountSaverTests/Pods-AccountSaverTests-resources.sh\"\n";
			showEnvVarsInLog = 0;
		};
		BD468BD75AC11B20F6B4B8E7 /* [CP] Check Pods Manifest.lock */ = {
			isa = PBXShellScriptBuildPhase;
			buildActionMask = 2147483647;
			files = (
			);
			inputPaths = (
				"${PODS_PODFILE_DIR_PATH}/Podfile.lock",
				"${PODS_ROOT}/Manifest.lock",
			);
			name = "[CP] Check Pods Manifest.lock";
			outputPaths = (
				"$(DERIVED_FILE_DIR)/Pods-AccountSaverUITests-checkManifestLockResult.txt",
			);
			runOnlyForDeploymentPostprocessing = 0;
			shellPath = /bin/sh;
			shellScript = "diff \"${PODS_PODFILE_DIR_PATH}/Podfile.lock\" \"${PODS_ROOT}/Manifest.lock\" > /dev/null\nif [ $? != 0 ] ; then\n    # print error to STDERR\n    echo \"error: The sandbox is not in sync with the Podfile.lock. Run 'pod install' or update your CocoaPods installation.\" >&2\n    exit 1\nfi\n# This output is used by Xcode 'outputs' to avoid re-running this script phase.\necho \"SUCCESS\" > \"${SCRIPT_OUTPUT_FILE_0}\"\n";
			showEnvVarsInLog = 0;
		};
		E31A64E29E605B304F9589DA /* [CP] Copy Pods Resources */ = {
			isa = PBXShellScriptBuildPhase;
			buildActionMask = 2147483647;
			files = (
			);
			inputPaths = (
			);
			name = "[CP] Copy Pods Resources";
			outputPaths = (
			);
			runOnlyForDeploymentPostprocessing = 0;
			shellPath = /bin/sh;
			shellScript = "\"${SRCROOT}/Pods/Target Support Files/Pods-AccountSaverUITests/Pods-AccountSaverUITests-resources.sh\"\n";
			showEnvVarsInLog = 0;
		};
		FDE83DA53981567A01E21EB5 /* [CP] Embed Pods Frameworks */ = {
			isa = PBXShellScriptBuildPhase;
			buildActionMask = 2147483647;
			files = (
			);
			inputPaths = (
			);
			name = "[CP] Embed Pods Frameworks";
			outputPaths = (
			);
			runOnlyForDeploymentPostprocessing = 0;
			shellPath = /bin/sh;
			shellScript = "\"${SRCROOT}/Pods/Target Support Files/Pods-AccountSaverTests/Pods-AccountSaverTests-frameworks.sh\"\n";
			showEnvVarsInLog = 0;
		};
/* End PBXShellScriptBuildPhase section */

/* Begin PBXSourcesBuildPhase section */
		84DA53581FFE783D00B2C66B /* Sources */ = {
			isa = PBXSourcesBuildPhase;
			buildActionMask = 2147483647;
			files = (
				84D387652000A998006C6169 /* BaseViewController.swift in Sources */,
				84C501A92031E86D00D5B3D9 /* ProfileManager.swift in Sources */,
				84D417C22020CB1C000E8EFA /* SecurityQuestionsViewController.swift in Sources */,
				84C58D0F20051C45007DF666 /* AccountDetailViewController.swift in Sources */,
				84C501A62031E5B700D5B3D9 /* Profile.swift in Sources */,
				84D387601FFFD3C9006C6169 /* RoundedViews.swift in Sources */,
				84DA53601FFE783D00B2C66B /* AppDelegate.swift in Sources */,
				84D3876C20010CD0006C6169 /* BackendlessAPI.swift in Sources */,
				84DCC6652010E8DF00A1AC23 /* IconViewController.swift in Sources */,
				84DCC6672010E92700A1AC23 /* IconCell.swift in Sources */,
				84EA9FB7203856A000543F74 /* PersonalViewController.swift in Sources */,
				84D387621FFFD543006C6169 /* AccountViewController.swift in Sources */,
				84D3875D1FFFCB79006C6169 /* Account.swift in Sources */,
				84D387682000AA64006C6169 /* AccountCell.swift in Sources */,
				849B598D20308B03001B181A /* LoginViewController.swift in Sources */,
				84EBFA60202EBE9A00E2F1C5 /* ASSTabBarController.swift in Sources */,
			);
			runOnlyForDeploymentPostprocessing = 0;
		};
		84DA536C1FFE783D00B2C66B /* Sources */ = {
			isa = PBXSourcesBuildPhase;
			buildActionMask = 2147483647;
			files = (
				84DA53751FFE783D00B2C66B /* AccountSaverTests.swift in Sources */,
			);
			runOnlyForDeploymentPostprocessing = 0;
		};
		84DA53771FFE783D00B2C66B /* Sources */ = {
			isa = PBXSourcesBuildPhase;
			buildActionMask = 2147483647;
			files = (
				84DA53801FFE783D00B2C66B /* AccountSaverUITests.swift in Sources */,
			);
			runOnlyForDeploymentPostprocessing = 0;
		};
/* End PBXSourcesBuildPhase section */

/* Begin PBXTargetDependency section */
		84DA53721FFE783D00B2C66B /* PBXTargetDependency */ = {
			isa = PBXTargetDependency;
			target = 84DA535B1FFE783D00B2C66B /* AccountSaver */;
			targetProxy = 84DA53711FFE783D00B2C66B /* PBXContainerItemProxy */;
		};
		84DA537D1FFE783D00B2C66B /* PBXTargetDependency */ = {
			isa = PBXTargetDependency;
			target = 84DA535B1FFE783D00B2C66B /* AccountSaver */;
			targetProxy = 84DA537C1FFE783D00B2C66B /* PBXContainerItemProxy */;
		};
/* End PBXTargetDependency section */

/* Begin PBXVariantGroup section */
		84DA53631FFE783D00B2C66B /* Main.storyboard */ = {
			isa = PBXVariantGroup;
			children = (
				84DA53641FFE783D00B2C66B /* Base */,
			);
			name = Main.storyboard;
			sourceTree = "<group>";
		};
		84DA53681FFE783D00B2C66B /* LaunchScreen.storyboard */ = {
			isa = PBXVariantGroup;
			children = (
				84DA53691FFE783D00B2C66B /* Base */,
			);
			name = LaunchScreen.storyboard;
			sourceTree = "<group>";
		};
/* End PBXVariantGroup section */

/* Begin XCBuildConfiguration section */
		84DA53821FFE783D00B2C66B /* Debug */ = {
			isa = XCBuildConfiguration;
			buildSettings = {
				ALWAYS_SEARCH_USER_PATHS = NO;
				CLANG_ANALYZER_NONNULL = YES;
				CLANG_ANALYZER_NUMBER_OBJECT_CONVERSION = YES_AGGRESSIVE;
				CLANG_CXX_LANGUAGE_STANDARD = "gnu++14";
				CLANG_CXX_LIBRARY = "libc++";
				CLANG_ENABLE_MODULES = YES;
				CLANG_ENABLE_OBJC_ARC = YES;
				CLANG_WARN_BLOCK_CAPTURE_AUTORELEASING = YES;
				CLANG_WARN_BOOL_CONVERSION = YES;
				CLANG_WARN_COMMA = YES;
				CLANG_WARN_CONSTANT_CONVERSION = YES;
				CLANG_WARN_DIRECT_OBJC_ISA_USAGE = YES_ERROR;
				CLANG_WARN_DOCUMENTATION_COMMENTS = YES;
				CLANG_WARN_EMPTY_BODY = YES;
				CLANG_WARN_ENUM_CONVERSION = YES;
				CLANG_WARN_INFINITE_RECURSION = YES;
				CLANG_WARN_INT_CONVERSION = YES;
				CLANG_WARN_NON_LITERAL_NULL_CONVERSION = YES;
				CLANG_WARN_OBJC_LITERAL_CONVERSION = YES;
				CLANG_WARN_OBJC_ROOT_CLASS = YES_ERROR;
				CLANG_WARN_RANGE_LOOP_ANALYSIS = YES;
				CLANG_WARN_STRICT_PROTOTYPES = YES;
				CLANG_WARN_SUSPICIOUS_MOVE = YES;
				CLANG_WARN_UNGUARDED_AVAILABILITY = YES_AGGRESSIVE;
				CLANG_WARN_UNREACHABLE_CODE = YES;
				CLANG_WARN__DUPLICATE_METHOD_MATCH = YES;
				CODE_SIGN_IDENTITY = "iPhone Developer";
				COPY_PHASE_STRIP = NO;
				DEBUG_INFORMATION_FORMAT = dwarf;
				ENABLE_STRICT_OBJC_MSGSEND = YES;
				ENABLE_TESTABILITY = YES;
				GCC_C_LANGUAGE_STANDARD = gnu11;
				GCC_DYNAMIC_NO_PIC = NO;
				GCC_NO_COMMON_BLOCKS = YES;
				GCC_OPTIMIZATION_LEVEL = 0;
				GCC_PREPROCESSOR_DEFINITIONS = (
					"DEBUG=1",
					"$(inherited)",
				);
				GCC_WARN_64_TO_32_BIT_CONVERSION = YES;
				GCC_WARN_ABOUT_RETURN_TYPE = YES_ERROR;
				GCC_WARN_UNDECLARED_SELECTOR = YES;
				GCC_WARN_UNINITIALIZED_AUTOS = YES_AGGRESSIVE;
				GCC_WARN_UNUSED_FUNCTION = YES;
				GCC_WARN_UNUSED_VARIABLE = YES;
				IPHONEOS_DEPLOYMENT_TARGET = 11.1;
				MTL_ENABLE_DEBUG_INFO = YES;
				ONLY_ACTIVE_ARCH = YES;
				SDKROOT = iphoneos;
				SWIFT_ACTIVE_COMPILATION_CONDITIONS = DEBUG;
				SWIFT_OPTIMIZATION_LEVEL = "-Onone";
			};
			name = Debug;
		};
		84DA53831FFE783D00B2C66B /* Release */ = {
			isa = XCBuildConfiguration;
			buildSettings = {
				ALWAYS_SEARCH_USER_PATHS = NO;
				CLANG_ANALYZER_NONNULL = YES;
				CLANG_ANALYZER_NUMBER_OBJECT_CONVERSION = YES_AGGRESSIVE;
				CLANG_CXX_LANGUAGE_STANDARD = "gnu++14";
				CLANG_CXX_LIBRARY = "libc++";
				CLANG_ENABLE_MODULES = YES;
				CLANG_ENABLE_OBJC_ARC = YES;
				CLANG_WARN_BLOCK_CAPTURE_AUTORELEASING = YES;
				CLANG_WARN_BOOL_CONVERSION = YES;
				CLANG_WARN_COMMA = YES;
				CLANG_WARN_CONSTANT_CONVERSION = YES;
				CLANG_WARN_DIRECT_OBJC_ISA_USAGE = YES_ERROR;
				CLANG_WARN_DOCUMENTATION_COMMENTS = YES;
				CLANG_WARN_EMPTY_BODY = YES;
				CLANG_WARN_ENUM_CONVERSION = YES;
				CLANG_WARN_INFINITE_RECURSION = YES;
				CLANG_WARN_INT_CONVERSION = YES;
				CLANG_WARN_NON_LITERAL_NULL_CONVERSION = YES;
				CLANG_WARN_OBJC_LITERAL_CONVERSION = YES;
				CLANG_WARN_OBJC_ROOT_CLASS = YES_ERROR;
				CLANG_WARN_RANGE_LOOP_ANALYSIS = YES;
				CLANG_WARN_STRICT_PROTOTYPES = YES;
				CLANG_WARN_SUSPICIOUS_MOVE = YES;
				CLANG_WARN_UNGUARDED_AVAILABILITY = YES_AGGRESSIVE;
				CLANG_WARN_UNREACHABLE_CODE = YES;
				CLANG_WARN__DUPLICATE_METHOD_MATCH = YES;
				CODE_SIGN_IDENTITY = "iPhone Developer";
				COPY_PHASE_STRIP = NO;
				DEBUG_INFORMATION_FORMAT = "dwarf-with-dsym";
				ENABLE_NS_ASSERTIONS = NO;
				ENABLE_STRICT_OBJC_MSGSEND = YES;
				GCC_C_LANGUAGE_STANDARD = gnu11;
				GCC_NO_COMMON_BLOCKS = YES;
				GCC_WARN_64_TO_32_BIT_CONVERSION = YES;
				GCC_WARN_ABOUT_RETURN_TYPE = YES_ERROR;
				GCC_WARN_UNDECLARED_SELECTOR = YES;
				GCC_WARN_UNINITIALIZED_AUTOS = YES_AGGRESSIVE;
				GCC_WARN_UNUSED_FUNCTION = YES;
				GCC_WARN_UNUSED_VARIABLE = YES;
				IPHONEOS_DEPLOYMENT_TARGET = 11.1;
				MTL_ENABLE_DEBUG_INFO = NO;
				SDKROOT = iphoneos;
				SWIFT_OPTIMIZATION_LEVEL = "-Owholemodule";
				VALIDATE_PRODUCT = YES;
			};
			name = Release;
		};
		84DA53851FFE783D00B2C66B /* Debug */ = {
			isa = XCBuildConfiguration;
			baseConfigurationReference = 3B2836F8D03B2036256AC39D /* Pods-AccountSaver.debug.xcconfig */;
			buildSettings = {
				ASSETCATALOG_COMPILER_APPICON_NAME = AppIcon;
				CODE_SIGN_STYLE = Automatic;
				INFOPLIST_FILE = AccountSaver/Info.plist;
				LD_RUNPATH_SEARCH_PATHS = "$(inherited) @executable_path/Frameworks";
				PRODUCT_BUNDLE_IDENTIFIER = com.p4.AccountSaver;
				PRODUCT_NAME = "$(TARGET_NAME)";
				SWIFT_VERSION = 4.0;
				TARGETED_DEVICE_FAMILY = "1,2";
			};
			name = Debug;
		};
		84DA53861FFE783D00B2C66B /* Release */ = {
			isa = XCBuildConfiguration;
			baseConfigurationReference = 8FB327381212EE36A39DB7CE /* Pods-AccountSaver.release.xcconfig */;
			buildSettings = {
				ASSETCATALOG_COMPILER_APPICON_NAME = AppIcon;
				CODE_SIGN_STYLE = Automatic;
				INFOPLIST_FILE = AccountSaver/Info.plist;
				LD_RUNPATH_SEARCH_PATHS = "$(inherited) @executable_path/Frameworks";
				PRODUCT_BUNDLE_IDENTIFIER = com.p4.AccountSaver;
				PRODUCT_NAME = "$(TARGET_NAME)";
				SWIFT_VERSION = 4.0;
				TARGETED_DEVICE_FAMILY = "1,2";
			};
			name = Release;
		};
		84DA53881FFE783D00B2C66B /* Debug */ = {
			isa = XCBuildConfiguration;
			baseConfigurationReference = 816B6D2CAF4F9535D79EB87F /* Pods-AccountSaverTests.debug.xcconfig */;
			buildSettings = {
				ALWAYS_EMBED_SWIFT_STANDARD_LIBRARIES = YES;
				BUNDLE_LOADER = "$(TEST_HOST)";
				CODE_SIGN_STYLE = Automatic;
				INFOPLIST_FILE = AccountSaverTests/Info.plist;
				LD_RUNPATH_SEARCH_PATHS = "$(inherited) @executable_path/Frameworks @loader_path/Frameworks";
				PRODUCT_BUNDLE_IDENTIFIER = com.p4.AccountSaverTests;
				PRODUCT_NAME = "$(TARGET_NAME)";
				SWIFT_VERSION = 4.0;
				TARGETED_DEVICE_FAMILY = "1,2";
				TEST_HOST = "$(BUILT_PRODUCTS_DIR)/AccountSaver.app/AccountSaver";
			};
			name = Debug;
		};
		84DA53891FFE783D00B2C66B /* Release */ = {
			isa = XCBuildConfiguration;
			baseConfigurationReference = 9491C2FDB96FBA237AFAABD7 /* Pods-AccountSaverTests.release.xcconfig */;
			buildSettings = {
				ALWAYS_EMBED_SWIFT_STANDARD_LIBRARIES = YES;
				BUNDLE_LOADER = "$(TEST_HOST)";
				CODE_SIGN_STYLE = Automatic;
				INFOPLIST_FILE = AccountSaverTests/Info.plist;
				LD_RUNPATH_SEARCH_PATHS = "$(inherited) @executable_path/Frameworks @loader_path/Frameworks";
				PRODUCT_BUNDLE_IDENTIFIER = com.p4.AccountSaverTests;
				PRODUCT_NAME = "$(TARGET_NAME)";
				SWIFT_VERSION = 4.0;
				TARGETED_DEVICE_FAMILY = "1,2";
				TEST_HOST = "$(BUILT_PRODUCTS_DIR)/AccountSaver.app/AccountSaver";
			};
			name = Release;
		};
		84DA538B1FFE783D00B2C66B /* Debug */ = {
			isa = XCBuildConfiguration;
			baseConfigurationReference = 7656B0A2A60DDCF1BB4DECBC /* Pods-AccountSaverUITests.debug.xcconfig */;
			buildSettings = {
				ALWAYS_EMBED_SWIFT_STANDARD_LIBRARIES = YES;
				CODE_SIGN_STYLE = Automatic;
				INFOPLIST_FILE = AccountSaverUITests/Info.plist;
				LD_RUNPATH_SEARCH_PATHS = "$(inherited) @executable_path/Frameworks @loader_path/Frameworks";
				PRODUCT_BUNDLE_IDENTIFIER = com.p4.AccountSaverUITests;
				PRODUCT_NAME = "$(TARGET_NAME)";
				SWIFT_VERSION = 4.0;
				TARGETED_DEVICE_FAMILY = "1,2";
				TEST_TARGET_NAME = AccountSaver;
			};
			name = Debug;
		};
		84DA538C1FFE783D00B2C66B /* Release */ = {
			isa = XCBuildConfiguration;
			baseConfigurationReference = C51ED3104CFE02F5590195F9 /* Pods-AccountSaverUITests.release.xcconfig */;
			buildSettings = {
				ALWAYS_EMBED_SWIFT_STANDARD_LIBRARIES = YES;
				CODE_SIGN_STYLE = Automatic;
				INFOPLIST_FILE = AccountSaverUITests/Info.plist;
				LD_RUNPATH_SEARCH_PATHS = "$(inherited) @executable_path/Frameworks @loader_path/Frameworks";
				PRODUCT_BUNDLE_IDENTIFIER = com.p4.AccountSaverUITests;
				PRODUCT_NAME = "$(TARGET_NAME)";
				SWIFT_VERSION = 4.0;
				TARGETED_DEVICE_FAMILY = "1,2";
				TEST_TARGET_NAME = AccountSaver;
			};
			name = Release;
		};
/* End XCBuildConfiguration section */

/* Begin XCConfigurationList section */
		84DA53571FFE783D00B2C66B /* Build configuration list for PBXProject "AccountSaver" */ = {
			isa = XCConfigurationList;
			buildConfigurations = (
				84DA53821FFE783D00B2C66B /* Debug */,
				84DA53831FFE783D00B2C66B /* Release */,
			);
			defaultConfigurationIsVisible = 0;
			defaultConfigurationName = Release;
		};
		84DA53841FFE783D00B2C66B /* Build configuration list for PBXNativeTarget "AccountSaver" */ = {
			isa = XCConfigurationList;
			buildConfigurations = (
				84DA53851FFE783D00B2C66B /* Debug */,
				84DA53861FFE783D00B2C66B /* Release */,
			);
			defaultConfigurationIsVisible = 0;
			defaultConfigurationName = Release;
		};
		84DA53871FFE783D00B2C66B /* Build configuration list for PBXNativeTarget "AccountSaverTests" */ = {
			isa = XCConfigurationList;
			buildConfigurations = (
				84DA53881FFE783D00B2C66B /* Debug */,
				84DA53891FFE783D00B2C66B /* Release */,
			);
			defaultConfigurationIsVisible = 0;
			defaultConfigurationName = Release;
		};
		84DA538A1FFE783D00B2C66B /* Build configuration list for PBXNativeTarget "AccountSaverUITests" */ = {
			isa = XCConfigurationList;
			buildConfigurations = (
				84DA538B1FFE783D00B2C66B /* Debug */,
				84DA538C1FFE783D00B2C66B /* Release */,
			);
			defaultConfigurationIsVisible = 0;
			defaultConfigurationName = Release;
		};
/* End XCConfigurationList section */
	};
	rootObject = 84DA53541FFE783D00B2C66B /* Project object */;
}
